{
  "nodes": {
    "actual": {
      "inputs": {
        "nixpkgs": [
          "nixpkgs-unstable"
        ]
      },
      "locked": {
        "lastModified": 1736289976,
        "narHash": "sha256-odJdL+x5vsCnehZ8U+wONBWX3x0QP+H6edsd026qXpc=",
        "ref": "main",
        "rev": "8d04125d902637c54a6278cf8d10954b2ed95d61",
        "revCount": 20,
        "type": "git",
        "url": "https://git.xeno.science/xenofem/actual-nix"
      },
      "original": {
        "ref": "main",
        "type": "git",
        "url": "https://git.xeno.science/xenofem/actual-nix"
      }
    },
    "agenix": {
      "inputs": {
        "darwin": [],
        "home-manager": [],
        "nixpkgs": [
          "nixpkgs"
        ],
        "systems": "systems"
      },
      "locked": {
        "lastModified": 1736955230,
        "narHash": "sha256-uenf8fv2eG5bKM8C/UvFaiJMZ4IpUFaQxk9OH5t/1gA=",
        "owner": "ryantm",
        "repo": "agenix",
        "rev": "e600439ec4c273cf11e06fe4d9d906fb98fa097c",
        "type": "github"
      },
      "original": {
        "owner": "ryantm",
        "repo": "agenix",
        "type": "github"
      }
    },
    "birdsong": {
      "locked": {
        "lastModified": 1738699106,
        "narHash": "sha256-pAe4pHn9OmVWBHdZOMQBO21mHnshOxQOaLu/mKycM6Q=",
        "ref": "main",
        "rev": "007130e869f1223713d588ba0f125c586ca13623",
        "revCount": 20,
        "type": "git",
        "url": "https://git.qenya.tel/qenya/birdsong"
      },
      "original": {
        "ref": "main",
        "type": "git",
        "url": "https://git.qenya.tel/qenya/birdsong"
      }
    },
    "colmena": {
      "inputs": {
        "flake-compat": [],
        "flake-utils": "flake-utils",
        "nix-github-actions": [],
        "nixpkgs": [
          "nixpkgs"
        ],
        "stable": []
      },
      "locked": {
        "lastModified": 1734897875,
        "narHash": "sha256-LLpiqfOGBippRax9F33kSJ/Imt8gJXb6o0JwSBiNHCk=",
        "owner": "zhaofengli",
        "repo": "colmena",
        "rev": "a6b51f5feae9bfb145daa37fd0220595acb7871e",
        "type": "github"
      },
      "original": {
        "owner": "zhaofengli",
        "repo": "colmena",
        "type": "github"
      }
    },
    "firefox-addons": {
      "inputs": {
        "flake-utils": "flake-utils_2",
        "nixpkgs": [
          "nixpkgs-unstable"
        ]
      },
      "locked": {
        "dir": "pkgs/firefox-addons",
        "lastModified": 1738641794,
        "narHash": "sha256-MNnDZJuxMTXT1vGHQFSPJx9sJ56JjpjKulNsy01Cu8A=",
        "owner": "rycee",
        "repo": "nur-expressions",
        "rev": "727fbb76627296cdeab0f2367930fb1f663b2113",
        "type": "gitlab"
      },
      "original": {
        "dir": "pkgs/firefox-addons",
        "owner": "rycee",
        "ref": "master",
        "repo": "nur-expressions",
        "type": "gitlab"
      }
    },
    "flake-utils": {
      "locked": {
        "lastModified": 1659877975,
        "narHash": "sha256-zllb8aq3YO3h8B/U0/J1WBgAL8EX5yWf5pMj3G0NAmc=",
        "owner": "numtide",
        "repo": "flake-utils",
        "rev": "c0e246b9b83f637f4681389ecabcb2681b4f3af0",
        "type": "github"
      },
      "original": {
        "owner": "numtide",
        "repo": "flake-utils",
        "type": "github"
      }
    },
    "flake-utils_2": {
      "locked": {
        "lastModified": 1629284811,
        "narHash": "sha256-JHgasjPR0/J1J3DRm4KxM4zTyAj4IOJY8vIl75v/kPI=",
        "owner": "numtide",
        "repo": "flake-utils",
        "rev": "c5d161cc0af116a2e17f54316f0bf43f0819785c",
        "type": "github"
      },
      "original": {
        "owner": "numtide",
        "repo": "flake-utils",
        "type": "github"
      }
    },
    "flake-utils_3": {
      "inputs": {
        "systems": "systems_2"
      },
      "locked": {
        "lastModified": 1731533236,
        "narHash": "sha256-l0KFg5HjrsfsO/JpG+r7fRrqm12kzFHyUHqHCVpMMbI=",
        "owner": "numtide",
        "repo": "flake-utils",
        "rev": "11707dc2f618dd54ca8739b309ec4fc024de578b",
        "type": "github"
      },
      "original": {
        "owner": "numtide",
        "repo": "flake-utils",
        "type": "github"
      }
    },
    "flakey-profile": {
      "locked": {
        "lastModified": 1712898590,
        "narHash": "sha256-FhGIEU93VHAChKEXx905TSiPZKga69bWl1VB37FK//I=",
        "owner": "lf-",
        "repo": "flakey-profile",
        "rev": "243c903fd8eadc0f63d205665a92d4df91d42d9d",
        "type": "github"
      },
      "original": {
        "owner": "lf-",
        "repo": "flakey-profile",
        "type": "github"
      }
    },
    "home-manager": {
      "inputs": {
        "nixpkgs": [
          "nixpkgs"
        ]
      },
      "locked": {
        "lastModified": 1736373539,
        "narHash": "sha256-dinzAqCjenWDxuy+MqUQq0I4zUSfaCvN9rzuCmgMZJY=",
        "owner": "nix-community",
        "repo": "home-manager",
        "rev": "bd65bc3cde04c16755955630b344bc9e35272c56",
        "type": "github"
      },
      "original": {
        "owner": "nix-community",
        "ref": "release-24.11",
        "repo": "home-manager",
        "type": "github"
      }
    },
    "home-manager-unstable": {
      "inputs": {
        "nixpkgs": [
          "nixpkgs-unstable"
        ]
      },
      "locked": {
        "lastModified": 1738667255,
        "narHash": "sha256-sMMQb9NydZqQ/MvvtPp+Ny0W9P0Jk0moU7SrTBlO5Vo=",
        "owner": "nix-community",
        "repo": "home-manager",
        "rev": "7abcf59a365430b36f84eaa452a466b11e469e33",
        "type": "github"
      },
      "original": {
        "owner": "nix-community",
        "repo": "home-manager",
        "type": "github"
      }
    },
    "lix": {
      "flake": false,
      "locked": {
        "lastModified": 1737234286,
        "narHash": "sha256-CCKIAE84dzkrnlxJCKFyffAxP3yfsOAbdvydUGqq24g=",
        "rev": "2837da71ec1588c1187d2e554719b15904a46c8b",
        "type": "tarball",
        "url": "https://git.lix.systems/api/v1/repos/lix-project/lix/archive/2837da71ec1588c1187d2e554719b15904a46c8b.tar.gz?rev=2837da71ec1588c1187d2e554719b15904a46c8b"
      },
      "original": {
        "type": "tarball",
        "url": "https://git.lix.systems/lix-project/lix/archive/2.92.0.tar.gz"
      }
    },
    "lix-module": {
      "inputs": {
        "flake-utils": "flake-utils_3",
        "flakey-profile": "flakey-profile",
        "lix": "lix",
        "nixpkgs": [
          "nixpkgs"
        ]
      },
      "locked": {
        "lastModified": 1737237494,
        "narHash": "sha256-YMLrcBpf0TR5r/eaqm8lxzFPap2TxCor0ZGcK3a7+b8=",
        "ref": "stable",
        "rev": "a3573779c9ba3d55b90aee6e9b4e70e23d34c1ba",
        "revCount": 127,
        "type": "git",
        "url": "https://git.lix.systems/lix-project/nixos-module"
      },
      "original": {
        "ref": "stable",
        "type": "git",
        "url": "https://git.lix.systems/lix-project/nixos-module"
      }
    },
    "nixpkgs": {
      "locked": {
        "lastModified": 1738574474,
        "narHash": "sha256-rvyfF49e/k6vkrRTV4ILrWd92W+nmBDfRYZgctOyolQ=",
        "owner": "NixOS",
        "repo": "nixpkgs",
        "rev": "fecfeb86328381268e29e998ddd3ebc70bbd7f7c",
        "type": "github"
      },
      "original": {
        "owner": "NixOS",
        "ref": "nixos-24.11",
        "repo": "nixpkgs",
        "type": "github"
      }
    },
    "nixpkgs-small": {
      "locked": {
        "lastModified": 1738663689,
        "narHash": "sha256-L9CwNfoGcvAUpPu6DSkhpdT4tczeWREJWj7ah0Q/qTE=",
        "owner": "NixOS",
        "repo": "nixpkgs",
        "rev": "11e2214d91f0d06ea8575087e3cd8e246c550bd8",
        "type": "github"
      },
      "original": {
        "owner": "NixOS",
        "ref": "nixos-24.11-small",
        "repo": "nixpkgs",
        "type": "github"
      }
    },
    "nixpkgs-unstable": {
      "locked": {
        "lastModified": 1738546358,
        "narHash": "sha256-nLivjIygCiqLp5QcL7l56Tca/elVqM9FG1hGd9ZSsrg=",
        "owner": "NixOS",
        "repo": "nixpkgs",
        "rev": "c6e957d81b96751a3d5967a0fd73694f303cc914",
        "type": "github"
      },
      "original": {
        "owner": "NixOS",
        "ref": "nixos-unstable",
        "repo": "nixpkgs",
        "type": "github"
      }
    },
    "nixpkgs-unstable-small": {
      "locked": {
        "lastModified": 1738667108,
        "narHash": "sha256-dX80jcKirVDmu0vdX+ZD/eHJldqFGTfsuDYlHRT/wxM=",
        "owner": "NixOS",
        "repo": "nixpkgs",
        "rev": "a1e849ff441fa1315afa27e1fd18c791f61de06b",
        "type": "github"
      },
      "original": {
        "owner": "NixOS",
        "ref": "nixos-unstable-small",
        "repo": "nixpkgs",
        "type": "github"
      }
    },
    "plasma-manager": {
      "inputs": {
        "home-manager": [
          "home-manager-unstable"
        ],
        "nixpkgs": [
          "nixpkgs-unstable"
        ]
      },
      "locked": {
        "lastModified": 1736549395,
        "narHash": "sha256-XzwkB62Tt5UYoL1jXiHzgk/qz2fUpGHExcSIbyGTtI0=",
        "owner": "nix-community",
        "repo": "plasma-manager",
        "rev": "a53af7f1514ef4cce8620a9d6a50f238cdedec8b",
        "type": "github"
      },
      "original": {
        "owner": "nix-community",
        "repo": "plasma-manager",
        "type": "github"
      }
    },
    "randomcat": {
      "flake": false,
      "locked": {
        "lastModified": 1738629463,
        "narHash": "sha256-9/5tMBd0+V1z5dLf9TzNnodeCuKKh1qELhubcgzhTp8=",
        "owner": "randomnetcat",
        "repo": "nix-configs",
        "rev": "efff66f0e1b27a4f0894d1cfde02d0892a9bfe9d",
        "type": "github"
      },
      "original": {
        "owner": "randomnetcat",
        "repo": "nix-configs",
        "type": "github"
      }
    },
    "root": {
      "inputs": {
        "actual": "actual",
        "agenix": "agenix",
        "birdsong": "birdsong",
        "colmena": "colmena",
        "firefox-addons": "firefox-addons",
        "home-manager": "home-manager",
        "home-manager-unstable": "home-manager-unstable",
        "lix-module": "lix-module",
        "nixpkgs": "nixpkgs",
        "nixpkgs-small": "nixpkgs-small",
        "nixpkgs-unstable": "nixpkgs-unstable",
        "nixpkgs-unstable-small": "nixpkgs-unstable-small",
        "plasma-manager": "plasma-manager",
        "randomcat": "randomcat",
        "scoutshonour": "scoutshonour"
      }
    },
    "scoutshonour": {
      "inputs": {
        "nixpkgs": [
          "nixpkgs-unstable"
        ]
      },
      "locked": {
        "lastModified": 1735301893,
        "narHash": "sha256-d95MCTUYMCcOQv4LpmWxPuVnx7McezXYs2Idw8u8ngI=",
        "ref": "main",
        "rev": "f447cd380ea1fb81a0ff8f292b6bbdf0be9c9520",
        "revCount": 23,
        "type": "git",
        "url": "https://git.qenya.tel/qenya/nix-scoutshonour"
      },
      "original": {
        "ref": "main",
        "type": "git",
        "url": "https://git.qenya.tel/qenya/nix-scoutshonour"
      }
    },
    "systems": {
      "locked": {
        "lastModified": 1681028828,
        "narHash": "sha256-Vy1rq5AaRuLzOxct8nz4T6wlgyUR7zLU309k9mBC768=",
        "owner": "nix-systems",
        "repo": "default",
        "rev": "da67096a3b9bf56a91d16901293e51ba5b49a27e",
        "type": "github"
      },
      "original": {
        "owner": "nix-systems",
        "repo": "default",
        "type": "github"
      }
    },
    "systems_2": {
      "locked": {
        "lastModified": 1681028828,
        "narHash": "sha256-Vy1rq5AaRuLzOxct8nz4T6wlgyUR7zLU309k9mBC768=",
        "owner": "nix-systems",
        "repo": "default",
        "rev": "da67096a3b9bf56a91d16901293e51ba5b49a27e",
        "type": "github"
      },
      "original": {
        "owner": "nix-systems",
        "repo": "default",
        "type": "github"
      }
    }
  },
  "root": "root",
  "version": 7
}
